
Microsoft Visual Studio Solution File, Format Version 12.00
# Visual Studio Version 16
VisualStudioVersion = 16.0.31402.337
MinimumVisualStudioVersion = 10.0.40219.1
Project("{FAE04EC0-301F-11D3-BF4B-00C04F79EFBC}") = "FridgeProject.Web", "FridgeProject.Web\FridgeProject.Web.csproj", "{2E45376C-961B-47DF-96B3-430D597FD943}"
EndProject
Global
	GlobalSection(SolutionConfigurationPlatforms) = preSolution
		Debug|Any CPU = Debug|Any CPU
		Release|Any CPU = Release|Any CPU
	EndGlobalSection
	GlobalSection(ProjectConfigurationPlatforms) = postSolution
		{2E45376C-961B-47DF-96B3-430D597FD943}.Debug|Any CPU.ActiveCfg = Debug|Any CPU
		{2E45376C-961B-47DF-96B3-430D597FD943}.Debug|Any CPU.Build.0 = Debug|Any CPU
		{2E45376C-961B-47DF-96B3-430D597FD943}.Release|Any CPU.ActiveCfg = Release|Any CPU
		{2E45376C-961B-47DF-96B3-430D597FD943}.Release|Any CPU.Build.0 = Release|Any CPU
		{1CA1DBFD-4A63-4CF4-949B-E306821A4361}.Debug|Any CPU.ActiveCfg = Debug|Any CPU
		{1CA1DBFD-4A63-4CF4-949B-E306821A4361}.Debug|Any CPU.Build.0 = Debug|Any CPU
		{1CA1DBFD-4A63-4CF4-949B-E306821A4361}.Release|Any CPU.ActiveCfg = Release|Any CPU
		{1CA1DBFD-4A63-4CF4-949B-E306821A4361}.Release|Any CPU.Build.0 = Release|Any CPU
		{6BB6270B-9BEA-4DC9-943C-6F4752816064}.Debug|Any CPU.ActiveCfg = Debug|Any CPU
		{6BB6270B-9BEA-4DC9-943C-6F4752816064}.Debug|Any CPU.Build.0 = Debug|Any CPU
		{6BB6270B-9BEA-4DC9-943C-6F4752816064}.Release|Any CPU.ActiveCfg = Release|Any CPU
		{6BB6270B-9BEA-4DC9-943C-6F4752816064}.Release|Any CPU.Build.0 = Release|Any CPU
	EndGlobalSection
	GlobalSection(SolutionProperties) = preSolution
		HideSolutionNode = FALSE
	EndGlobalSection
	GlobalSection(ExtensibilityGlobals) = postSolution
		SolutionGuid = {AEE658E2-50AE-47F5-81EC-2893E296B191}
	EndGlobalSection
EndGlobal
